// !$*UTF8*$!
{
	archiveVersion = 1;
	classes = {
	};
	objectVersion = 56;
	objects = {

/* Begin PBXBuildFile section */
		15328E252C5066D800A170F2 /* PlayNiceApp.swift in Sources */ = {isa = PBXBuildFile; fileRef = 15328E242C5066D800A170F2 /* PlayNiceApp.swift */; };
		15328E272C5066D800A170F2 /* ContentView.swift in Sources */ = {isa = PBXBuildFile; fileRef = 15328E262C5066D800A170F2 /* ContentView.swift */; };
		15328E292C5066D900A170F2 /* Assets.xcassets in Resources */ = {isa = PBXBuildFile; fileRef = 15328E282C5066D900A170F2 /* Assets.xcassets */; };
		15328E2C2C5066D900A170F2 /* Preview Assets.xcassets in Resources */ = {isa = PBXBuildFile; fileRef = 15328E2B2C5066D900A170F2 /* Preview Assets.xcassets */; };
		15328E332C5076D000A170F2 /* RankingView.swift in Sources */ = {isa = PBXBuildFile; fileRef = 15328E322C5076D000A170F2 /* RankingView.swift */; };
		158392302C50833A005918D5 /* User.swift in Sources */ = {isa = PBXBuildFile; fileRef = 1583922F2C50833A005918D5 /* User.swift */; };
		158392322C5083DD005918D5 /* Answer.swift in Sources */ = {isa = PBXBuildFile; fileRef = 158392312C5083DD005918D5 /* Answer.swift */; };
		158392352C508473005918D5 /* DateView.swift in Sources */ = {isa = PBXBuildFile; fileRef = 158392342C508473005918D5 /* DateView.swift */; };
		1583923A2C508A95005918D5 /* ProfileView.swift in Sources */ = {isa = PBXBuildFile; fileRef = 158392392C508A95005918D5 /* ProfileView.swift */; };
		1583923C2C508E49005918D5 /* PromptView.swift in Sources */ = {isa = PBXBuildFile; fileRef = 1583923B2C508E49005918D5 /* PromptView.swift */; };
		1583923E2C508E63005918D5 /* VoteView.swift in Sources */ = {isa = PBXBuildFile; fileRef = 1583923D2C508E63005918D5 /* VoteView.swift */; };
		158392432C56B6D0005918D5 /* ProfileAnswerView.swift in Sources */ = {isa = PBXBuildFile; fileRef = 158392422C56B6D0005918D5 /* ProfileAnswerView.swift */; };
		158392472C572673005918D5 /* RankingAnswerView.swift in Sources */ = {isa = PBXBuildFile; fileRef = 158392462C572673005918D5 /* RankingAnswerView.swift */; };
		158392492C572D80005918D5 /* RankView.swift in Sources */ = {isa = PBXBuildFile; fileRef = 158392482C572D80005918D5 /* RankView.swift */; };
		1583924B2C5C5EB8005918D5 /* AnswerPercentageBar.swift in Sources */ = {isa = PBXBuildFile; fileRef = 1583924A2C5C5EB8005918D5 /* AnswerPercentageBar.swift */; };
		158392532C5DD3F7005918D5 /* FirebaseAnalytics in Frameworks */ = {isa = PBXBuildFile; productRef = 158392522C5DD3F7005918D5 /* FirebaseAnalytics */; };
		158392552C5DD3F7005918D5 /* FirebaseAuth in Frameworks */ = {isa = PBXBuildFile; productRef = 158392542C5DD3F7005918D5 /* FirebaseAuth */; };
		158392572C5DD3F7005918D5 /* FirebaseCrashlytics in Frameworks */ = {isa = PBXBuildFile; productRef = 158392562C5DD3F7005918D5 /* FirebaseCrashlytics */; };
		158392592C5DD3F7005918D5 /* FirebaseDatabase in Frameworks */ = {isa = PBXBuildFile; productRef = 158392582C5DD3F7005918D5 /* FirebaseDatabase */; };
		1583925B2C5DD3F7005918D5 /* FirebaseFirestore in Frameworks */ = {isa = PBXBuildFile; productRef = 1583925A2C5DD3F7005918D5 /* FirebaseFirestore */; };
		1583925D2C5DD472005918D5 /* AppEngine.swift in Sources */ = {isa = PBXBuildFile; fileRef = 1583925C2C5DD472005918D5 /* AppEngine.swift */; };
		158392612C5DD97D005918D5 /* StorageKeys.swift in Sources */ = {isa = PBXBuildFile; fileRef = 158392602C5DD97D005918D5 /* StorageKeys.swift */; };
		158392652C5EFDAD005918D5 /* GoogleService-Info.plist in Resources */ = {isa = PBXBuildFile; fileRef = 158392642C5EFDAD005918D5 /* GoogleService-Info.plist */; };
		158392672C5F287F005918D5 /* Prompt.swift in Sources */ = {isa = PBXBuildFile; fileRef = 158392662C5F287F005918D5 /* Prompt.swift */; };
/* End PBXBuildFile section */

/* Begin PBXFileReference section */
		15328E212C5066D800A170F2 /* PlayNice.app */ = {isa = PBXFileReference; explicitFileType = wrapper.application; includeInIndex = 0; path = PlayNice.app; sourceTree = BUILT_PRODUCTS_DIR; };
		15328E242C5066D800A170F2 /* PlayNiceApp.swift */ = {isa = PBXFileReference; lastKnownFileType = sourcecode.swift; path = PlayNiceApp.swift; sourceTree = "<group>"; };
		15328E262C5066D800A170F2 /* ContentView.swift */ = {isa = PBXFileReference; lastKnownFileType = sourcecode.swift; path = ContentView.swift; sourceTree = "<group>"; };
		15328E282C5066D900A170F2 /* Assets.xcassets */ = {isa = PBXFileReference; lastKnownFileType = folder.assetcatalog; path = Assets.xcassets; sourceTree = "<group>"; };
		15328E2B2C5066D900A170F2 /* Preview Assets.xcassets */ = {isa = PBXFileReference; lastKnownFileType = folder.assetcatalog; path = "Preview Assets.xcassets"; sourceTree = "<group>"; };
		15328E322C5076D000A170F2 /* RankingView.swift */ = {isa = PBXFileReference; lastKnownFileType = sourcecode.swift; path = RankingView.swift; sourceTree = "<group>"; };
		1583922F2C50833A005918D5 /* User.swift */ = {isa = PBXFileReference; lastKnownFileType = sourcecode.swift; path = User.swift; sourceTree = "<group>"; };
		158392312C5083DD005918D5 /* Answer.swift */ = {isa = PBXFileReference; lastKnownFileType = sourcecode.swift; path = Answer.swift; sourceTree = "<group>"; };
		158392342C508473005918D5 /* DateView.swift */ = {isa = PBXFileReference; lastKnownFileType = sourcecode.swift; path = DateView.swift; sourceTree = "<group>"; };
		158392392C508A95005918D5 /* ProfileView.swift */ = {isa = PBXFileReference; lastKnownFileType = sourcecode.swift; path = ProfileView.swift; sourceTree = "<group>"; };
		1583923B2C508E49005918D5 /* PromptView.swift */ = {isa = PBXFileReference; lastKnownFileType = sourcecode.swift; path = PromptView.swift; sourceTree = "<group>"; };
		1583923D2C508E63005918D5 /* VoteView.swift */ = {isa = PBXFileReference; lastKnownFileType = sourcecode.swift; path = VoteView.swift; sourceTree = "<group>"; };
		158392422C56B6D0005918D5 /* ProfileAnswerView.swift */ = {isa = PBXFileReference; lastKnownFileType = sourcecode.swift; path = ProfileAnswerView.swift; sourceTree = "<group>"; };
		158392462C572673005918D5 /* RankingAnswerView.swift */ = {isa = PBXFileReference; lastKnownFileType = sourcecode.swift; path = RankingAnswerView.swift; sourceTree = "<group>"; };
		158392482C572D80005918D5 /* RankView.swift */ = {isa = PBXFileReference; lastKnownFileType = sourcecode.swift; path = RankView.swift; sourceTree = "<group>"; };
		1583924A2C5C5EB8005918D5 /* AnswerPercentageBar.swift */ = {isa = PBXFileReference; lastKnownFileType = sourcecode.swift; path = AnswerPercentageBar.swift; sourceTree = "<group>"; };
		1583925C2C5DD472005918D5 /* AppEngine.swift */ = {isa = PBXFileReference; lastKnownFileType = sourcecode.swift; path = AppEngine.swift; sourceTree = "<group>"; };
		158392602C5DD97D005918D5 /* StorageKeys.swift */ = {isa = PBXFileReference; lastKnownFileType = sourcecode.swift; path = StorageKeys.swift; sourceTree = "<group>"; };
		158392642C5EFDAD005918D5 /* GoogleService-Info.plist */ = {isa = PBXFileReference; fileEncoding = 4; lastKnownFileType = text.plist.xml; path = "GoogleService-Info.plist"; sourceTree = "<group>"; };
		158392662C5F287F005918D5 /* Prompt.swift */ = {isa = PBXFileReference; lastKnownFileType = sourcecode.swift; path = Prompt.swift; sourceTree = "<group>"; };
/* End PBXFileReference section */

/* Begin PBXFrameworksBuildPhase section */
		15328E1E2C5066D800A170F2 /* Frameworks */ = {
			isa = PBXFrameworksBuildPhase;
			buildActionMask = 2147483647;
			files = (
				158392572C5DD3F7005918D5 /* FirebaseCrashlytics in Frameworks */,
				158392532C5DD3F7005918D5 /* FirebaseAnalytics in Frameworks */,
				158392592C5DD3F7005918D5 /* FirebaseDatabase in Frameworks */,
				1583925B2C5DD3F7005918D5 /* FirebaseFirestore in Frameworks */,
				158392552C5DD3F7005918D5 /* FirebaseAuth in Frameworks */,
			);
			runOnlyForDeploymentPostprocessing = 0;
		};
/* End PBXFrameworksBuildPhase section */

/* Begin PBXGroup section */
		15328E182C5066D800A170F2 = {
			isa = PBXGroup;
			children = (
				15328E232C5066D800A170F2 /* PlayNice */,
				15328E222C5066D800A170F2 /* Products */,
			);
			sourceTree = "<group>";
		};
		15328E222C5066D800A170F2 /* Products */ = {
			isa = PBXGroup;
			children = (
				15328E212C5066D800A170F2 /* PlayNice.app */,
			);
			name = Products;
			sourceTree = "<group>";
		};
		15328E232C5066D800A170F2 /* PlayNice */ = {
			isa = PBXGroup;
			children = (
				158392642C5EFDAD005918D5 /* GoogleService-Info.plist */,
				15328E242C5066D800A170F2 /* PlayNiceApp.swift */,
				15328E262C5066D800A170F2 /* ContentView.swift */,
				1583923B2C508E49005918D5 /* PromptView.swift */,
				1583923D2C508E63005918D5 /* VoteView.swift */,
				15328E322C5076D000A170F2 /* RankingView.swift */,
				158392392C508A95005918D5 /* ProfileView.swift */,
				158392502C5DD29C005918D5 /* Engines */,
				158392332C5083EB005918D5 /* Objects */,
				158392412C5349A3005918D5 /* AccessoryViews */,
				15328E282C5066D900A170F2 /* Assets.xcassets */,
				15328E2A2C5066D900A170F2 /* Preview Content */,
			);
			path = PlayNice;
			sourceTree = "<group>";
		};
		15328E2A2C5066D900A170F2 /* Preview Content */ = {
			isa = PBXGroup;
			children = (
				15328E2B2C5066D900A170F2 /* Preview Assets.xcassets */,
			);
			path = "Preview Content";
			sourceTree = "<group>";
		};
		158392332C5083EB005918D5 /* Objects */ = {
			isa = PBXGroup;
			children = (
				1583922F2C50833A005918D5 /* User.swift */,
				158392312C5083DD005918D5 /* Answer.swift */,
				158392602C5DD97D005918D5 /* StorageKeys.swift */,
				158392662C5F287F005918D5 /* Prompt.swift */,
			);
			path = Objects;
			sourceTree = "<group>";
		};
		158392412C5349A3005918D5 /* AccessoryViews */ = {
			isa = PBXGroup;
			children = (
				158392342C508473005918D5 /* DateView.swift */,
				158392422C56B6D0005918D5 /* ProfileAnswerView.swift */,
				158392462C572673005918D5 /* RankingAnswerView.swift */,
				158392482C572D80005918D5 /* RankView.swift */,
				1583924A2C5C5EB8005918D5 /* AnswerPercentageBar.swift */,
			);
			path = AccessoryViews;
			sourceTree = "<group>";
		};
		158392502C5DD29C005918D5 /* Engines */ = {
			isa = PBXGroup;
			children = (
				1583925C2C5DD472005918D5 /* AppEngine.swift */,
			);
			path = Engines;
			sourceTree = "<group>";
		};
/* End PBXGroup section */

/* Begin PBXNativeTarget section */
		15328E202C5066D800A170F2 /* PlayNice */ = {
			isa = PBXNativeTarget;
			buildConfigurationList = 15328E2F2C5066D900A170F2 /* Build configuration list for PBXNativeTarget "PlayNice" */;
			buildPhases = (
				15328E1D2C5066D800A170F2 /* Sources */,
				15328E1E2C5066D800A170F2 /* Frameworks */,
				15328E1F2C5066D800A170F2 /* Resources */,
			);
			buildRules = (
			);
			dependencies = (
			);
			name = PlayNice;
			packageProductDependencies = (
				158392522C5DD3F7005918D5 /* FirebaseAnalytics */,
				158392542C5DD3F7005918D5 /* FirebaseAuth */,
				158392562C5DD3F7005918D5 /* FirebaseCrashlytics */,
				158392582C5DD3F7005918D5 /* FirebaseDatabase */,
				1583925A2C5DD3F7005918D5 /* FirebaseFirestore */,
			);
			productName = PlayNice;
			productReference = 15328E212C5066D800A170F2 /* PlayNice.app */;
			productType = "com.apple.product-type.application";
		};
/* End PBXNativeTarget section */

/* Begin PBXProject section */
		15328E192C5066D800A170F2 /* Project object */ = {
			isa = PBXProject;
			attributes = {
				BuildIndependentTargetsInParallel = 1;
				LastSwiftUpdateCheck = 1540;
				LastUpgradeCheck = 1540;
				TargetAttributes = {
					15328E202C5066D800A170F2 = {
						CreatedOnToolsVersion = 15.4;
					};
				};
			};
			buildConfigurationList = 15328E1C2C5066D800A170F2 /* Build configuration list for PBXProject "PlayNice" */;
			compatibilityVersion = "Xcode 14.0";
			developmentRegion = en;
			hasScannedForEncodings = 0;
			knownRegions = (
				en,
				Base,
			);
			mainGroup = 15328E182C5066D800A170F2;
			packageReferences = (
				158392512C5DD3F7005918D5 /* XCRemoteSwiftPackageReference "firebase-ios-sdk" */,
			);
			productRefGroup = 15328E222C5066D800A170F2 /* Products */;
			projectDirPath = "";
			projectRoot = "";
			targets = (
				15328E202C5066D800A170F2 /* PlayNice */,
			);
		};
/* End PBXProject section */

/* Begin PBXResourcesBuildPhase section */
		15328E1F2C5066D800A170F2 /* Resources */ = {
			isa = PBXResourcesBuildPhase;
			buildActionMask = 2147483647;
			files = (
				15328E2C2C5066D900A170F2 /* Preview Assets.xcassets in Resources */,
				15328E292C5066D900A170F2 /* Assets.xcassets in Resources */,
				158392652C5EFDAD005918D5 /* GoogleService-Info.plist in Resources */,
			);
			runOnlyForDeploymentPostprocessing = 0;
		};
/* End PBXResourcesBuildPhase section */

/* Begin PBXSourcesBuildPhase section */
		15328E1D2C5066D800A170F2 /* Sources */ = {
			isa = PBXSourcesBuildPhase;
			buildActionMask = 2147483647;
			files = (
				158392432C56B6D0005918D5 /* ProfileAnswerView.swift in Sources */,
				1583923C2C508E49005918D5 /* PromptView.swift in Sources */,
				158392352C508473005918D5 /* DateView.swift in Sources */,
				1583924B2C5C5EB8005918D5 /* AnswerPercentageBar.swift in Sources */,
				1583925D2C5DD472005918D5 /* AppEngine.swift in Sources */,
				158392612C5DD97D005918D5 /* StorageKeys.swift in Sources */,
				1583923E2C508E63005918D5 /* VoteView.swift in Sources */,
				158392672C5F287F005918D5 /* Prompt.swift in Sources */,
				15328E272C5066D800A170F2 /* ContentView.swift in Sources */,
				158392302C50833A005918D5 /* User.swift in Sources */,
				158392322C5083DD005918D5 /* Answer.swift in Sources */,
				158392472C572673005918D5 /* RankingAnswerView.swift in Sources */,
				15328E332C5076D000A170F2 /* RankingView.swift in Sources */,
				1583923A2C508A95005918D5 /* ProfileView.swift in Sources */,
				15328E252C5066D800A170F2 /* PlayNiceApp.swift in Sources */,
				158392492C572D80005918D5 /* RankView.swift in Sources */,
			);
			runOnlyForDeploymentPostprocessing = 0;
		};
/* End PBXSourcesBuildPhase section */

/* Begin XCBuildConfiguration section */
		15328E2D2C5066D900A170F2 /* Debug */ = {
			isa = XCBuildConfiguration;
			buildSettings = {
				ALWAYS_SEARCH_USER_PATHS = NO;
				ASSETCATALOG_COMPILER_GENERATE_SWIFT_ASSET_SYMBOL_EXTENSIONS = YES;
				CLANG_ANALYZER_NONNULL = YES;
				CLANG_ANALYZER_NUMBER_OBJECT_CONVERSION = YES_AGGRESSIVE;
				CLANG_CXX_LANGUAGE_STANDARD = "gnu++20";
				CLANG_ENABLE_MODULES = YES;
				CLANG_ENABLE_OBJC_ARC = YES;
				CLANG_ENABLE_OBJC_WEAK = YES;
				CLANG_WARN_BLOCK_CAPTURE_AUTORELEASING = YES;
				CLANG_WARN_BOOL_CONVERSION = YES;
				CLANG_WARN_COMMA = YES;
				CLANG_WARN_CONSTANT_CONVERSION = YES;
				CLANG_WARN_DEPRECATED_OBJC_IMPLEMENTATIONS = YES;
				CLANG_WARN_DIRECT_OBJC_ISA_USAGE = YES_ERROR;
				CLANG_WARN_DOCUMENTATION_COMMENTS = YES;
				CLANG_WARN_EMPTY_BODY = YES;
				CLANG_WARN_ENUM_CONVERSION = YES;
				CLANG_WARN_INFINITE_RECURSION = YES;
				CLANG_WARN_INT_CONVERSION = YES;
				CLANG_WARN_NON_LITERAL_NULL_CONVERSION = YES;
				CLANG_WARN_OBJC_IMPLICIT_RETAIN_SELF = YES;
				CLANG_WARN_OBJC_LITERAL_CONVERSION = YES;
				CLANG_WARN_OBJC_ROOT_CLASS = YES_ERROR;
				CLANG_WARN_QUOTED_INCLUDE_IN_FRAMEWORK_HEADER = YES;
				CLANG_WARN_RANGE_LOOP_ANALYSIS = YES;
				CLANG_WARN_STRICT_PROTOTYPES = YES;
				CLANG_WARN_SUSPICIOUS_MOVE = YES;
				CLANG_WARN_UNGUARDED_AVAILABILITY = YES_AGGRESSIVE;
				CLANG_WARN_UNREACHABLE_CODE = YES;
				CLANG_WARN__DUPLICATE_METHOD_MATCH = YES;
				COPY_PHASE_STRIP = NO;
				DEBUG_INFORMATION_FORMAT = dwarf;
				ENABLE_STRICT_OBJC_MSGSEND = YES;
				ENABLE_TESTABILITY = YES;
				ENABLE_USER_SCRIPT_SANDBOXING = YES;
				GCC_C_LANGUAGE_STANDARD = gnu17;
				GCC_DYNAMIC_NO_PIC = NO;
				GCC_NO_COMMON_BLOCKS = YES;
				GCC_OPTIMIZATION_LEVEL = 0;
				GCC_PREPROCESSOR_DEFINITIONS = (
					"DEBUG=1",
					"$(inherited)",
				);
				GCC_WARN_64_TO_32_BIT_CONVERSION = YES;
				GCC_WARN_ABOUT_RETURN_TYPE = YES_ERROR;
				GCC_WARN_UNDECLARED_SELECTOR = YES;
				GCC_WARN_UNINITIALIZED_AUTOS = YES_AGGRESSIVE;
				GCC_WARN_UNUSED_FUNCTION = YES;
				GCC_WARN_UNUSED_VARIABLE = YES;
				IPHONEOS_DEPLOYMENT_TARGET = 17.5;
				LOCALIZATION_PREFERS_STRING_CATALOGS = YES;
				MTL_ENABLE_DEBUG_INFO = INCLUDE_SOURCE;
				MTL_FAST_MATH = YES;
				ONLY_ACTIVE_ARCH = YES;
				SDKROOT = iphoneos;
				SWIFT_ACTIVE_COMPILATION_CONDITIONS = "DEBUG $(inherited)";
				SWIFT_OPTIMIZATION_LEVEL = "-Onone";
			};
			name = Debug;
		};
		15328E2E2C5066D900A170F2 /* Release */ = {
			isa = XCBuildConfiguration;
			buildSettings = {
				ALWAYS_SEARCH_USER_PATHS = NO;
				ASSETCATALOG_COMPILER_GENERATE_SWIFT_ASSET_SYMBOL_EXTENSIONS = YES;
				CLANG_ANALYZER_NONNULL = YES;
				CLANG_ANALYZER_NUMBER_OBJECT_CONVERSION = YES_AGGRESSIVE;
				CLANG_CXX_LANGUAGE_STANDARD = "gnu++20";
				CLANG_ENABLE_MODULES = YES;
				CLANG_ENABLE_OBJC_ARC = YES;
				CLANG_ENABLE_OBJC_WEAK = YES;
				CLANG_WARN_BLOCK_CAPTURE_AUTORELEASING = YES;
				CLANG_WARN_BOOL_CONVERSION = YES;
				CLANG_WARN_COMMA = YES;
				CLANG_WARN_CONSTANT_CONVERSION = YES;
				CLANG_WARN_DEPRECATED_OBJC_IMPLEMENTATIONS = YES;
				CLANG_WARN_DIRECT_OBJC_ISA_USAGE = YES_ERROR;
				CLANG_WARN_DOCUMENTATION_COMMENTS = YES;
				CLANG_WARN_EMPTY_BODY = YES;
				CLANG_WARN_ENUM_CONVERSION = YES;
				CLANG_WARN_INFINITE_RECURSION = YES;
				CLANG_WARN_INT_CONVERSION = YES;
				CLANG_WARN_NON_LITERAL_NULL_CONVERSION = YES;
				CLANG_WARN_OBJC_IMPLICIT_RETAIN_SELF = YES;
				CLANG_WARN_OBJC_LITERAL_CONVERSION = YES;
				CLANG_WARN_OBJC_ROOT_CLASS = YES_ERROR;
				CLANG_WARN_QUOTED_INCLUDE_IN_FRAMEWORK_HEADER = YES;
				CLANG_WARN_RANGE_LOOP_ANALYSIS = YES;
				CLANG_WARN_STRICT_PROTOTYPES = YES;
				CLANG_WARN_SUSPICIOUS_MOVE = YES;
				CLANG_WARN_UNGUARDED_AVAILABILITY = YES_AGGRESSIVE;
				CLANG_WARN_UNREACHABLE_CODE = YES;
				CLANG_WARN__DUPLICATE_METHOD_MATCH = YES;
				COPY_PHASE_STRIP = NO;
				DEBUG_INFORMATION_FORMAT = "dwarf-with-dsym";
				ENABLE_NS_ASSERTIONS = NO;
				ENABLE_STRICT_OBJC_MSGSEND = YES;
				ENABLE_USER_SCRIPT_SANDBOXING = YES;
				GCC_C_LANGUAGE_STANDARD = gnu17;
				GCC_NO_COMMON_BLOCKS = YES;
				GCC_WARN_64_TO_32_BIT_CONVERSION = YES;
				GCC_WARN_ABOUT_RETURN_TYPE = YES_ERROR;
				GCC_WARN_UNDECLARED_SELECTOR = YES;
				GCC_WARN_UNINITIALIZED_AUTOS = YES_AGGRESSIVE;
				GCC_WARN_UNUSED_FUNCTION = YES;
				GCC_WARN_UNUSED_VARIABLE = YES;
				IPHONEOS_DEPLOYMENT_TARGET = 17.5;
				LOCALIZATION_PREFERS_STRING_CATALOGS = YES;
				MTL_ENABLE_DEBUG_INFO = NO;
				MTL_FAST_MATH = YES;
				SDKROOT = iphoneos;
				SWIFT_COMPILATION_MODE = wholemodule;
				VALIDATE_PRODUCT = YES;
			};
			name = Release;
		};
		15328E302C5066D900A170F2 /* Debug */ = {
			isa = XCBuildConfiguration;
			buildSettings = {
				ASSETCATALOG_COMPILER_APPICON_NAME = AppIcon;
				ASSETCATALOG_COMPILER_GLOBAL_ACCENT_COLOR_NAME = AccentColor;
				CODE_SIGN_STYLE = Automatic;
				CURRENT_PROJECT_VERSION = 1;
				DEVELOPMENT_ASSET_PATHS = "\"PlayNice/Preview Content\"";
				DEVELOPMENT_TEAM = LT3MWZH387;
				ENABLE_PREVIEWS = YES;
				GENERATE_INFOPLIST_FILE = YES;
				INFOPLIST_KEY_UIApplicationSceneManifest_Generation = YES;
				INFOPLIST_KEY_UIApplicationSupportsIndirectInputEvents = YES;
				INFOPLIST_KEY_UILaunchScreen_Generation = YES;
				INFOPLIST_KEY_UISupportedInterfaceOrientations_iPad = "UIInterfaceOrientationPortrait UIInterfaceOrientationPortraitUpsideDown UIInterfaceOrientationLandscapeLeft UIInterfaceOrientationLandscapeRight";
				INFOPLIST_KEY_UISupportedInterfaceOrientations_iPhone = "UIInterfaceOrientationPortrait UIInterfaceOrientationLandscapeLeft UIInterfaceOrientationLandscapeRight";
				LD_RUNPATH_SEARCH_PATHS = (
					"$(inherited)",
					"@executable_path/Frameworks",
				);
				MARKETING_VERSION = 1.0;
				PRODUCT_BUNDLE_IDENTIFIER = venanzi.PlayNice;
				PRODUCT_NAME = "$(TARGET_NAME)";
				SWIFT_EMIT_LOC_STRINGS = YES;
				SWIFT_VERSION = 5.0;
				TARGETED_DEVICE_FAMILY = "1,2";
			};
			name = Debug;
		};
		15328E312C5066D900A170F2 /* Release */ = {
			isa = XCBuildConfiguration;
			buildSettings = {
				ASSETCATALOG_COMPILER_APPICON_NAME = AppIcon;
				ASSETCATALOG_COMPILER_GLOBAL_ACCENT_COLOR_NAME = AccentColor;
				CODE_SIGN_STYLE = Automatic;
				CURRENT_PROJECT_VERSION = 1;
				DEVELOPMENT_ASSET_PATHS = "\"PlayNice/Preview Content\"";
				DEVELOPMENT_TEAM = LT3MWZH387;
				ENABLE_PREVIEWS = YES;
				GENERATE_INFOPLIST_FILE = YES;
				INFOPLIST_KEY_UIApplicationSceneManifest_Generation = YES;
				INFOPLIST_KEY_UIApplicationSupportsIndirectInputEvents = YES;
				INFOPLIST_KEY_UILaunchScreen_Generation = YES;
				INFOPLIST_KEY_UISupportedInterfaceOrientations_iPad = "UIInterfaceOrientationPortrait UIInterfaceOrientationPortraitUpsideDown UIInterfaceOrientationLandscapeLeft UIInterfaceOrientationLandscapeRight";
				INFOPLIST_KEY_UISupportedInterfaceOrientations_iPhone = "UIInterfaceOrientationPortrait UIInterfaceOrientationLandscapeLeft UIInterfaceOrientationLandscapeRight";
				LD_RUNPATH_SEARCH_PATHS = (
					"$(inherited)",
					"@executable_path/Frameworks",
				);
				MARKETING_VERSION = 1.0;
				PRODUCT_BUNDLE_IDENTIFIER = venanzi.PlayNice;
				PRODUCT_NAME = "$(TARGET_NAME)";
				SWIFT_EMIT_LOC_STRINGS = YES;
				SWIFT_VERSION = 5.0;
				TARGETED_DEVICE_FAMILY = "1,2";
			};
			name = Release;
		};
/* End XCBuildConfiguration section */

/* Begin XCConfigurationList section */
		15328E1C2C5066D800A170F2 /* Build configuration list for PBXProject "PlayNice" */ = {
			isa = XCConfigurationList;
			buildConfigurations = (
				15328E2D2C5066D900A170F2 /* Debug */,
				15328E2E2C5066D900A170F2 /* Release */,
			);
			defaultConfigurationIsVisible = 0;
			defaultConfigurationName = Release;
		};
		15328E2F2C5066D900A170F2 /* Build configuration list for PBXNativeTarget "PlayNice" */ = {
			isa = XCConfigurationList;
			buildConfigurations = (
				15328E302C5066D900A170F2 /* Debug */,
				15328E312C5066D900A170F2 /* Release */,
			);
			defaultConfigurationIsVisible = 0;
			defaultConfigurationName = Release;
		};
/* End XCConfigurationList section */

/* Begin XCRemoteSwiftPackageReference section */
		158392512C5DD3F7005918D5 /* XCRemoteSwiftPackageReference "firebase-ios-sdk" */ = {
			isa = XCRemoteSwiftPackageReference;
			repositoryURL = "https://github.com/firebase/firebase-ios-sdk.git";
			requirement = {
				kind = upToNextMajorVersion;
				minimumVersion = 11.0.0;
			};
		};
/* End XCRemoteSwiftPackageReference section */

/* Begin XCSwiftPackageProductDependency section */
		158392522C5DD3F7005918D5 /* FirebaseAnalytics */ = {
			isa = XCSwiftPackageProductDependency;
			package = 158392512C5DD3F7005918D5 /* XCRemoteSwiftPackageReference "firebase-ios-sdk" */;
			productName = FirebaseAnalytics;
		};
		158392542C5DD3F7005918D5 /* FirebaseAuth */ = {
			isa = XCSwiftPackageProductDependency;
			package = 158392512C5DD3F7005918D5 /* XCRemoteSwiftPackageReference "firebase-ios-sdk" */;
			productName = FirebaseAuth;
		};
		158392562C5DD3F7005918D5 /* FirebaseCrashlytics */ = {
			isa = XCSwiftPackageProductDependency;
			package = 158392512C5DD3F7005918D5 /* XCRemoteSwiftPackageReference "firebase-ios-sdk" */;
			productName = FirebaseCrashlytics;
		};
		158392582C5DD3F7005918D5 /* FirebaseDatabase */ = {
			isa = XCSwiftPackageProductDependency;
			package = 158392512C5DD3F7005918D5 /* XCRemoteSwiftPackageReference "firebase-ios-sdk" */;
			productName = FirebaseDatabase;
		};
		1583925A2C5DD3F7005918D5 /* FirebaseFirestore */ = {
			isa = XCSwiftPackageProductDependency;
			package = 158392512C5DD3F7005918D5 /* XCRemoteSwiftPackageReference "firebase-ios-sdk" */;
			productName = FirebaseFirestore;
		};
/* End XCSwiftPackageProductDependency section */
	};
	rootObject = 15328E192C5066D800A170F2 /* Project object */;
}
